
Microsoft Visual Studio Solution File, Format Version 12.00
# Visual Studio Version 16
VisualStudioVersion = 16.0.29411.108
MinimumVisualStudioVersion = 10.0.40219.1
Project("{FAE04EC0-301F-11D3-BF4B-00C04F79EFBC}") = "VisualStudioDemo", "VisualStudioDemo.csproj", "{A3EC7744-51EC-48E6-B548-547DBC781F0D}"
EndProject
Global
	GlobalSection(SolutionConfigurationPlatforms) = preSolution
		Debug|Any CPU = Debug|Any CPU
		Release|Any CPU = Release|Any CPU
	EndGlobalSection
	GlobalSection(ProjectConfigurationPlatforms) = postSolution
		{A3EC7744-51EC-48E6-B548-547DBC781F0D}.Debug|Any CPU.ActiveCfg = Debug|Any CPU
		{A3EC7744-51EC-48E6-B548-547DBC781F0D}.Debug|Any CPU.Build.0 = Debug|Any CPU
		{A3EC7744-51EC-48E6-B548-547DBC781F0D}.Release|Any CPU.ActiveCfg = Release|Any CPU
		{A3EC7744-51EC-48E6-B548-547DBC781F0D}.Release|Any CPU.Build.0 = Release|Any CPU
	EndGlobalSection
	GlobalSection(SolutionProperties) = preSolution
		HideSolutionNode = FALSE
	EndGlobalSection
	GlobalSection(ExtensibilityGlobals) = postSolution
		SolutionGuid = {5EBFC5CA-86BA-4191-8C00-FEF44197470D}
	EndGlobalSection
EndGlobal
